// !$*UTF8*$!
{
	archiveVersion = 1;
	classes = {
	};
	objectVersion = 55;
	objects = {

/* Begin PBXBuildFile section */
		1CAD54AD284E9B3D00E13D74 /* BikeDetail.swift in Sources */ = {isa = PBXBuildFile; fileRef = 1CAD54AC284E9B3D00E13D74 /* BikeDetail.swift */; };
		1CAD54AF284E9C1200E13D74 /* BikeList.swift in Sources */ = {isa = PBXBuildFile; fileRef = 1CAD54AE284E9C1200E13D74 /* BikeList.swift */; };
		1CAD54B7284EA3B200E13D74 /* BikeAdd.swift in Sources */ = {isa = PBXBuildFile; fileRef = 1CAD54B6284EA3B200E13D74 /* BikeAdd.swift */; };
		1CAD54BD28500E8300E13D74 /* TechCheckModel.swift in Sources */ = {isa = PBXBuildFile; fileRef = 1CAD54BC28500E8300E13D74 /* TechCheckModel.swift */; };
		B829E04F2846E58E007DC972 /* MessageList.swift in Sources */ = {isa = PBXBuildFile; fileRef = B829E04E2846E58E007DC972 /* MessageList.swift */; };
		B82F5D48283F177A00AC4AFB /* MessageModel.swift in Sources */ = {isa = PBXBuildFile; fileRef = B82F5D47283F177900AC4AFB /* MessageModel.swift */; };
		B82F5D4A283F178400AC4AFB /* UserModel.swift in Sources */ = {isa = PBXBuildFile; fileRef = B82F5D49283F178400AC4AFB /* UserModel.swift */; };
		B82F5D4D283F198E00AC4AFB /* Handler.swift in Sources */ = {isa = PBXBuildFile; fileRef = B82F5D4C283F198E00AC4AFB /* Handler.swift */; };
		B852084F2821C84500FECBB5 /* RaceModel.swift in Sources */ = {isa = PBXBuildFile; fileRef = B852084E2821C84500FECBB5 /* RaceModel.swift */; };
		B875F6A52820B063000D663E /* TopSpeedApp.swift in Sources */ = {isa = PBXBuildFile; fileRef = B875F6A42820B063000D663E /* TopSpeedApp.swift */; };
		B875F6A92820B06A000D663E /* Assets.xcassets in Resources */ = {isa = PBXBuildFile; fileRef = B875F6A82820B06A000D663E /* Assets.xcassets */; };
		B875F6AC2820B06B000D663E /* Preview Assets.xcassets in Resources */ = {isa = PBXBuildFile; fileRef = B875F6AB2820B06B000D663E /* Preview Assets.xcassets */; };
		B875F6B72820B487000D663E /* RacerDetail.swift in Sources */ = {isa = PBXBuildFile; fileRef = B875F6B62820B487000D663E /* RacerDetail.swift */; };
		B8921A922820DC6E00542602 /* RacerModel.swift in Sources */ = {isa = PBXBuildFile; fileRef = B8921A912820DC6E00542602 /* RacerModel.swift */; };
		B8921A942820DC7D00542602 /* TechCardModel.swift in Sources */ = {isa = PBXBuildFile; fileRef = B8921A932820DC7D00542602 /* TechCardModel.swift */; };
		B8921A962820DC9100542602 /* TechCardDetail.swift in Sources */ = {isa = PBXBuildFile; fileRef = B8921A952820DC9100542602 /* TechCardDetail.swift */; };
		B8921A982820DCA300542602 /* TechCardList.swift in Sources */ = {isa = PBXBuildFile; fileRef = B8921A972820DCA300542602 /* TechCardList.swift */; };
		B8921A9A2820DCE700542602 /* RaceList.swift in Sources */ = {isa = PBXBuildFile; fileRef = B8921A992820DCE700542602 /* RaceList.swift */; };
		B8921A9C2820DCF800542602 /* RaceDetail.swift in Sources */ = {isa = PBXBuildFile; fileRef = B8921A9B2820DCF800542602 /* RaceDetail.swift */; };
		B8921A9E2820DD0700542602 /* MainMenu.swift in Sources */ = {isa = PBXBuildFile; fileRef = B8921A9D2820DD0700542602 /* MainMenu.swift */; };
		B8921AA02820DD6200542602 /* BracketDetail.swift in Sources */ = {isa = PBXBuildFile; fileRef = B8921A9F2820DD6200542602 /* BracketDetail.swift */; };
		B89ABA8C282AE38100DD7ACF /* BikeModel.swift in Sources */ = {isa = PBXBuildFile; fileRef = B89ABA8B282AE38000DD7ACF /* BikeModel.swift */; };
		B89C151E284156360000857C /* LogIn.swift in Sources */ = {isa = PBXBuildFile; fileRef = B89C151D284156360000857C /* LogIn.swift */; };
/* End PBXBuildFile section */

/* Begin PBXFileReference section */
		1CAD54AC284E9B3D00E13D74 /* BikeDetail.swift */ = {isa = PBXFileReference; lastKnownFileType = sourcecode.swift; path = BikeDetail.swift; sourceTree = "<group>"; };
		1CAD54AE284E9C1200E13D74 /* BikeList.swift */ = {isa = PBXFileReference; lastKnownFileType = sourcecode.swift; path = BikeList.swift; sourceTree = "<group>"; };
		1CAD54B6284EA3B200E13D74 /* BikeAdd.swift */ = {isa = PBXFileReference; lastKnownFileType = sourcecode.swift; path = BikeAdd.swift; sourceTree = "<group>"; };
		1CAD54BC28500E8300E13D74 /* TechCheckModel.swift */ = {isa = PBXFileReference; lastKnownFileType = sourcecode.swift; path = TechCheckModel.swift; sourceTree = "<group>"; };
		B829E04E2846E58E007DC972 /* MessageList.swift */ = {isa = PBXFileReference; lastKnownFileType = sourcecode.swift; path = MessageList.swift; sourceTree = "<group>"; };
		B82F5D47283F177900AC4AFB /* MessageModel.swift */ = {isa = PBXFileReference; fileEncoding = 4; lastKnownFileType = sourcecode.swift; path = MessageModel.swift; sourceTree = "<group>"; };
		B82F5D49283F178400AC4AFB /* UserModel.swift */ = {isa = PBXFileReference; fileEncoding = 4; lastKnownFileType = sourcecode.swift; path = UserModel.swift; sourceTree = "<group>"; };
		B82F5D4C283F198E00AC4AFB /* Handler.swift */ = {isa = PBXFileReference; lastKnownFileType = sourcecode.swift; path = Handler.swift; sourceTree = "<group>"; };
		B852084E2821C84500FECBB5 /* RaceModel.swift */ = {isa = PBXFileReference; lastKnownFileType = sourcecode.swift; path = RaceModel.swift; sourceTree = "<group>"; };
		B875F6A12820B063000D663E /* TopSpeed.app */ = {isa = PBXFileReference; explicitFileType = wrapper.application; includeInIndex = 0; path = TopSpeed.app; sourceTree = BUILT_PRODUCTS_DIR; };
		B875F6A42820B063000D663E /* TopSpeedApp.swift */ = {isa = PBXFileReference; lastKnownFileType = sourcecode.swift; path = TopSpeedApp.swift; sourceTree = "<group>"; };
		B875F6A82820B06A000D663E /* Assets.xcassets */ = {isa = PBXFileReference; lastKnownFileType = folder.assetcatalog; path = Assets.xcassets; sourceTree = "<group>"; };
		B875F6AB2820B06B000D663E /* Preview Assets.xcassets */ = {isa = PBXFileReference; lastKnownFileType = folder.assetcatalog; path = "Preview Assets.xcassets"; sourceTree = "<group>"; };
		B875F6B22820B0D8000D663E /* Info.plist */ = {isa = PBXFileReference; lastKnownFileType = text.plist; path = Info.plist; sourceTree = "<group>"; };
		B875F6B62820B487000D663E /* RacerDetail.swift */ = {isa = PBXFileReference; lastKnownFileType = sourcecode.swift; path = RacerDetail.swift; sourceTree = "<group>"; };
		B8921A912820DC6E00542602 /* RacerModel.swift */ = {isa = PBXFileReference; lastKnownFileType = sourcecode.swift; path = RacerModel.swift; sourceTree = "<group>"; };
		B8921A932820DC7D00542602 /* TechCardModel.swift */ = {isa = PBXFileReference; lastKnownFileType = sourcecode.swift; path = TechCardModel.swift; sourceTree = "<group>"; };
		B8921A952820DC9100542602 /* TechCardDetail.swift */ = {isa = PBXFileReference; lastKnownFileType = sourcecode.swift; path = TechCardDetail.swift; sourceTree = "<group>"; };
		B8921A972820DCA300542602 /* TechCardList.swift */ = {isa = PBXFileReference; lastKnownFileType = sourcecode.swift; path = TechCardList.swift; sourceTree = "<group>"; };
		B8921A992820DCE700542602 /* RaceList.swift */ = {isa = PBXFileReference; lastKnownFileType = sourcecode.swift; path = RaceList.swift; sourceTree = "<group>"; };
		B8921A9B2820DCF800542602 /* RaceDetail.swift */ = {isa = PBXFileReference; lastKnownFileType = sourcecode.swift; path = RaceDetail.swift; sourceTree = "<group>"; };
		B8921A9D2820DD0700542602 /* MainMenu.swift */ = {isa = PBXFileReference; lastKnownFileType = sourcecode.swift; path = MainMenu.swift; sourceTree = "<group>"; };
		B8921A9F2820DD6200542602 /* BracketDetail.swift */ = {isa = PBXFileReference; lastKnownFileType = sourcecode.swift; path = BracketDetail.swift; sourceTree = "<group>"; };
		B8921AA12820DEB100542602 /* README.md */ = {isa = PBXFileReference; lastKnownFileType = net.daringfireball.markdown; path = README.md; sourceTree = "<group>"; };
		B8921AA22820DED900542602 /* TODO.md */ = {isa = PBXFileReference; lastKnownFileType = net.daringfireball.markdown; path = TODO.md; sourceTree = "<group>"; };
		B89ABA8B282AE38000DD7ACF /* BikeModel.swift */ = {isa = PBXFileReference; lastKnownFileType = sourcecode.swift; path = BikeModel.swift; sourceTree = "<group>"; };
		B89C151D284156360000857C /* LogIn.swift */ = {isa = PBXFileReference; lastKnownFileType = sourcecode.swift; path = LogIn.swift; sourceTree = "<group>"; };
/* End PBXFileReference section */

/* Begin PBXFrameworksBuildPhase section */
		B875F69E2820B063000D663E /* Frameworks */ = {
			isa = PBXFrameworksBuildPhase;
			buildActionMask = 2147483647;
			files = (
			);
			runOnlyForDeploymentPostprocessing = 0;
		};
/* End PBXFrameworksBuildPhase section */

/* Begin PBXGroup section */
		B875F6982820B063000D663E = {
			isa = PBXGroup;
			children = (
				B8921AA22820DED900542602 /* TODO.md */,
				B8921AA12820DEB100542602 /* README.md */,
				B875F6A32820B063000D663E /* TopSpeed */,
				B875F6A22820B063000D663E /* Products */,
			);
			sourceTree = "<group>";
		};
		B875F6A22820B063000D663E /* Products */ = {
			isa = PBXGroup;
			children = (
				B875F6A12820B063000D663E /* TopSpeed.app */,
			);
			name = Products;
			sourceTree = "<group>";
		};
		B875F6A32820B063000D663E /* TopSpeed */ = {
			isa = PBXGroup;
			children = (
				B875F6A42820B063000D663E /* TopSpeedApp.swift */,
				B875F6B32820B40D000D663E /* Views */,
				B875F6B52820B43D000D663E /* Model */,
				B875F6B42820B42B000D663E /* Data */,
				B875F6A82820B06A000D663E /* Assets.xcassets */,
				B875F6AA2820B06B000D663E /* Preview Content */,
				B875F6B22820B0D8000D663E /* Info.plist */,
				B82F5D4C283F198E00AC4AFB /* Handler.swift */,
			);
			path = TopSpeed;
			sourceTree = "<group>";
		};
		B875F6AA2820B06B000D663E /* Preview Content */ = {
			isa = PBXGroup;
			children = (
				B875F6AB2820B06B000D663E /* Preview Assets.xcassets */,
			);
			path = "Preview Content";
			sourceTree = "<group>";
		};
		B875F6B32820B40D000D663E /* Views */ = {
			isa = PBXGroup;
			children = (
				B8921A9D2820DD0700542602 /* MainMenu.swift */,
				B875F6B62820B487000D663E /* RacerDetail.swift */,
				B8921A972820DCA300542602 /* TechCardList.swift */,
				B8921A952820DC9100542602 /* TechCardDetail.swift */,
				B8921A992820DCE700542602 /* RaceList.swift */,
				B8921A9B2820DCF800542602 /* RaceDetail.swift */,
				1CAD54AE284E9C1200E13D74 /* BikeList.swift */,
				B8921A9F2820DD6200542602 /* BracketDetail.swift */,
				B89C151D284156360000857C /* LogIn.swift */,
				B829E04E2846E58E007DC972 /* MessageList.swift */,
				1CAD54AC284E9B3D00E13D74 /* BikeDetail.swift */,
				1CAD54B6284EA3B200E13D74 /* BikeAdd.swift */,
			);
			path = Views;
			sourceTree = "<group>";
		};
		B875F6B42820B42B000D663E /* Data */ = {
			isa = PBXGroup;
			children = (
			);
			path = Data;
			sourceTree = "<group>";
		};
		B875F6B52820B43D000D663E /* Model */ = {
			isa = PBXGroup;
			children = (
				B82F5D49283F178400AC4AFB /* UserModel.swift */,
				B82F5D47283F177900AC4AFB /* MessageModel.swift */,
				B8921A912820DC6E00542602 /* RacerModel.swift */,
				B8921A932820DC7D00542602 /* TechCardModel.swift */,
				B852084E2821C84500FECBB5 /* RaceModel.swift */,
				B89ABA8B282AE38000DD7ACF /* BikeModel.swift */,
				1CAD54BC28500E8300E13D74 /* TechCheckModel.swift */,
			);
			path = Model;
			sourceTree = "<group>";
		};
/* End PBXGroup section */

/* Begin PBXNativeTarget section */
		B875F6A02820B063000D663E /* TopSpeed */ = {
			isa = PBXNativeTarget;
			buildConfigurationList = B875F6AF2820B06B000D663E /* Build configuration list for PBXNativeTarget "TopSpeed" */;
			buildPhases = (
				B875F69D2820B063000D663E /* Sources */,
				B875F69E2820B063000D663E /* Frameworks */,
				B875F69F2820B063000D663E /* Resources */,
			);
			buildRules = (
			);
			dependencies = (
			);
			name = TopSpeed;
			productName = TopSpeed;
			productReference = B875F6A12820B063000D663E /* TopSpeed.app */;
			productType = "com.apple.product-type.application";
		};
/* End PBXNativeTarget section */

/* Begin PBXProject section */
		B875F6992820B063000D663E /* Project object */ = {
			isa = PBXProject;
			attributes = {
				BuildIndependentTargetsInParallel = 1;
				LastSwiftUpdateCheck = 1330;
				LastUpgradeCheck = 1330;
				TargetAttributes = {
					B875F6A02820B063000D663E = {
						CreatedOnToolsVersion = 13.3.1;
					};
				};
			};
			buildConfigurationList = B875F69C2820B063000D663E /* Build configuration list for PBXProject "TopSpeed" */;
			compatibilityVersion = "Xcode 13.0";
			developmentRegion = en;
			hasScannedForEncodings = 0;
			knownRegions = (
				en,
				Base,
			);
			mainGroup = B875F6982820B063000D663E;
			productRefGroup = B875F6A22820B063000D663E /* Products */;
			projectDirPath = "";
			projectRoot = "";
			targets = (
				B875F6A02820B063000D663E /* TopSpeed */,
			);
		};
/* End PBXProject section */

/* Begin PBXResourcesBuildPhase section */
		B875F69F2820B063000D663E /* Resources */ = {
			isa = PBXResourcesBuildPhase;
			buildActionMask = 2147483647;
			files = (
				B875F6AC2820B06B000D663E /* Preview Assets.xcassets in Resources */,
				B875F6A92820B06A000D663E /* Assets.xcassets in Resources */,
			);
			runOnlyForDeploymentPostprocessing = 0;
		};
/* End PBXResourcesBuildPhase section */

/* Begin PBXSourcesBuildPhase section */
		B875F69D2820B063000D663E /* Sources */ = {
			isa = PBXSourcesBuildPhase;
			buildActionMask = 2147483647;
			files = (
				B8921A9A2820DCE700542602 /* RaceList.swift in Sources */,
				B8921A982820DCA300542602 /* TechCardList.swift in Sources */,
				B82F5D48283F177A00AC4AFB /* MessageModel.swift in Sources */,
				B8921AA02820DD6200542602 /* BracketDetail.swift in Sources */,
				B89C151E284156360000857C /* LogIn.swift in Sources */,
				B82F5D4D283F198E00AC4AFB /* Handler.swift in Sources */,
				B8921A922820DC6E00542602 /* RacerModel.swift in Sources */,
				B875F6B72820B487000D663E /* RacerDetail.swift in Sources */,
				1CAD54B7284EA3B200E13D74 /* BikeAdd.swift in Sources */,
				1CAD54BD28500E8300E13D74 /* TechCheckModel.swift in Sources */,
				1CAD54AF284E9C1200E13D74 /* BikeList.swift in Sources */,
				B82F5D4A283F178400AC4AFB /* UserModel.swift in Sources */,
				B852084F2821C84500FECBB5 /* RaceModel.swift in Sources */,
				B829E04F2846E58E007DC972 /* MessageList.swift in Sources */,
				1CAD54AD284E9B3D00E13D74 /* BikeDetail.swift in Sources */,
				B8921A9E2820DD0700542602 /* MainMenu.swift in Sources */,
				B89ABA8C282AE38100DD7ACF /* BikeModel.swift in Sources */,
				B8921A942820DC7D00542602 /* TechCardModel.swift in Sources */,
				B8921A9C2820DCF800542602 /* RaceDetail.swift in Sources */,
				B8921A962820DC9100542602 /* TechCardDetail.swift in Sources */,
				B875F6A52820B063000D663E /* TopSpeedApp.swift in Sources */,
			);
			runOnlyForDeploymentPostprocessing = 0;
		};
/* End PBXSourcesBuildPhase section */

/* Begin XCBuildConfiguration section */
		B875F6AD2820B06B000D663E /* Debug */ = {
			isa = XCBuildConfiguration;
			buildSettings = {
				ALWAYS_SEARCH_USER_PATHS = NO;
				CLANG_ANALYZER_NONNULL = YES;
				CLANG_ANALYZER_NUMBER_OBJECT_CONVERSION = YES_AGGRESSIVE;
				CLANG_CXX_LANGUAGE_STANDARD = "gnu++17";
				CLANG_ENABLE_MODULES = YES;
				CLANG_ENABLE_OBJC_ARC = YES;
				CLANG_ENABLE_OBJC_WEAK = YES;
				CLANG_WARN_BLOCK_CAPTURE_AUTORELEASING = YES;
				CLANG_WARN_BOOL_CONVERSION = YES;
				CLANG_WARN_COMMA = YES;
				CLANG_WARN_CONSTANT_CONVERSION = YES;
				CLANG_WARN_DEPRECATED_OBJC_IMPLEMENTATIONS = YES;
				CLANG_WARN_DIRECT_OBJC_ISA_USAGE = YES_ERROR;
				CLANG_WARN_DOCUMENTATION_COMMENTS = YES;
				CLANG_WARN_EMPTY_BODY = YES;
				CLANG_WARN_ENUM_CONVERSION = YES;
				CLANG_WARN_INFINITE_RECURSION = YES;
				CLANG_WARN_INT_CONVERSION = YES;
				CLANG_WARN_NON_LITERAL_NULL_CONVERSION = YES;
				CLANG_WARN_OBJC_IMPLICIT_RETAIN_SELF = YES;
				CLANG_WARN_OBJC_LITERAL_CONVERSION = YES;
				CLANG_WARN_OBJC_ROOT_CLASS = YES_ERROR;
				CLANG_WARN_QUOTED_INCLUDE_IN_FRAMEWORK_HEADER = YES;
				CLANG_WARN_RANGE_LOOP_ANALYSIS = YES;
				CLANG_WARN_STRICT_PROTOTYPES = YES;
				CLANG_WARN_SUSPICIOUS_MOVE = YES;
				CLANG_WARN_UNGUARDED_AVAILABILITY = YES_AGGRESSIVE;
				CLANG_WARN_UNREACHABLE_CODE = YES;
				CLANG_WARN__DUPLICATE_METHOD_MATCH = YES;
				COPY_PHASE_STRIP = NO;
				DEBUG_INFORMATION_FORMAT = dwarf;
				ENABLE_STRICT_OBJC_MSGSEND = YES;
				ENABLE_TESTABILITY = YES;
				GCC_C_LANGUAGE_STANDARD = gnu11;
				GCC_DYNAMIC_NO_PIC = NO;
				GCC_NO_COMMON_BLOCKS = YES;
				GCC_OPTIMIZATION_LEVEL = 0;
				GCC_PREPROCESSOR_DEFINITIONS = (
					"DEBUG=1",
					"$(inherited)",
				);
				GCC_WARN_64_TO_32_BIT_CONVERSION = YES;
				GCC_WARN_ABOUT_RETURN_TYPE = YES_ERROR;
				GCC_WARN_UNDECLARED_SELECTOR = YES;
				GCC_WARN_UNINITIALIZED_AUTOS = YES_AGGRESSIVE;
				GCC_WARN_UNUSED_FUNCTION = YES;
				GCC_WARN_UNUSED_VARIABLE = YES;
				IPHONEOS_DEPLOYMENT_TARGET = 15.4;
				MTL_ENABLE_DEBUG_INFO = INCLUDE_SOURCE;
				MTL_FAST_MATH = YES;
				ONLY_ACTIVE_ARCH = YES;
				SDKROOT = iphoneos;
				SWIFT_ACTIVE_COMPILATION_CONDITIONS = DEBUG;
				SWIFT_OPTIMIZATION_LEVEL = "-Onone";
			};
			name = Debug;
		};
		B875F6AE2820B06B000D663E /* Release */ = {
			isa = XCBuildConfiguration;
			buildSettings = {
				ALWAYS_SEARCH_USER_PATHS = NO;
				CLANG_ANALYZER_NONNULL = YES;
				CLANG_ANALYZER_NUMBER_OBJECT_CONVERSION = YES_AGGRESSIVE;
				CLANG_CXX_LANGUAGE_STANDARD = "gnu++17";
				CLANG_ENABLE_MODULES = YES;
				CLANG_ENABLE_OBJC_ARC = YES;
				CLANG_ENABLE_OBJC_WEAK = YES;
				CLANG_WARN_BLOCK_CAPTURE_AUTORELEASING = YES;
				CLANG_WARN_BOOL_CONVERSION = YES;
				CLANG_WARN_COMMA = YES;
				CLANG_WARN_CONSTANT_CONVERSION = YES;
				CLANG_WARN_DEPRECATED_OBJC_IMPLEMENTATIONS = YES;
				CLANG_WARN_DIRECT_OBJC_ISA_USAGE = YES_ERROR;
				CLANG_WARN_DOCUMENTATION_COMMENTS = YES;
				CLANG_WARN_EMPTY_BODY = YES;
				CLANG_WARN_ENUM_CONVERSION = YES;
				CLANG_WARN_INFINITE_RECURSION = YES;
				CLANG_WARN_INT_CONVERSION = YES;
				CLANG_WARN_NON_LITERAL_NULL_CONVERSION = YES;
				CLANG_WARN_OBJC_IMPLICIT_RETAIN_SELF = YES;
				CLANG_WARN_OBJC_LITERAL_CONVERSION = YES;
				CLANG_WARN_OBJC_ROOT_CLASS = YES_ERROR;
				CLANG_WARN_QUOTED_INCLUDE_IN_FRAMEWORK_HEADER = YES;
				CLANG_WARN_RANGE_LOOP_ANALYSIS = YES;
				CLANG_WARN_STRICT_PROTOTYPES = YES;
				CLANG_WARN_SUSPICIOUS_MOVE = YES;
				CLANG_WARN_UNGUARDED_AVAILABILITY = YES_AGGRESSIVE;
				CLANG_WARN_UNREACHABLE_CODE = YES;
				CLANG_WARN__DUPLICATE_METHOD_MATCH = YES;
				COPY_PHASE_STRIP = NO;
				DEBUG_INFORMATION_FORMAT = "dwarf-with-dsym";
				ENABLE_NS_ASSERTIONS = NO;
				ENABLE_STRICT_OBJC_MSGSEND = YES;
				GCC_C_LANGUAGE_STANDARD = gnu11;
				GCC_NO_COMMON_BLOCKS = YES;
				GCC_WARN_64_TO_32_BIT_CONVERSION = YES;
				GCC_WARN_ABOUT_RETURN_TYPE = YES_ERROR;
				GCC_WARN_UNDECLARED_SELECTOR = YES;
				GCC_WARN_UNINITIALIZED_AUTOS = YES_AGGRESSIVE;
				GCC_WARN_UNUSED_FUNCTION = YES;
				GCC_WARN_UNUSED_VARIABLE = YES;
				IPHONEOS_DEPLOYMENT_TARGET = 15.4;
				MTL_ENABLE_DEBUG_INFO = NO;
				MTL_FAST_MATH = YES;
				SDKROOT = iphoneos;
				SWIFT_COMPILATION_MODE = wholemodule;
				SWIFT_OPTIMIZATION_LEVEL = "-O";
				VALIDATE_PRODUCT = YES;
			};
			name = Release;
		};
		B875F6B02820B06B000D663E /* Debug */ = {
			isa = XCBuildConfiguration;
			buildSettings = {
				ASSETCATALOG_COMPILER_APPICON_NAME = AppIcon;
				ASSETCATALOG_COMPILER_GLOBAL_ACCENT_COLOR_NAME = AccentColor;
				CODE_SIGN_STYLE = Automatic;
				CURRENT_PROJECT_VERSION = 1;
				DEVELOPMENT_ASSET_PATHS = "\"TopSpeed/Preview Content\"";
				DEVELOPMENT_TEAM = C6HT22T4A4;
				ENABLE_PREVIEWS = YES;
				GENERATE_INFOPLIST_FILE = YES;
				INFOPLIST_FILE = TopSpeed/Info.plist;
				INFOPLIST_KEY_CFBundleDisplayName = "Top Speed";
				INFOPLIST_KEY_UIApplicationSupportsIndirectInputEvents = YES;
				INFOPLIST_KEY_UILaunchScreen_Generation = YES;
				INFOPLIST_KEY_UISupportedInterfaceOrientations = "UIInterfaceOrientationPortrait UIInterfaceOrientationPortraitUpsideDown";
				INFOPLIST_KEY_UISupportedInterfaceOrientations_iPad = "UIInterfaceOrientationPortrait UIInterfaceOrientationPortraitUpsideDown UIInterfaceOrientationLandscapeLeft UIInterfaceOrientationLandscapeRight";
				INFOPLIST_KEY_UISupportedInterfaceOrientations_iPhone = "UIInterfaceOrientationPortrait UIInterfaceOrientationLandscapeLeft UIInterfaceOrientationLandscapeRight";
				LD_RUNPATH_SEARCH_PATHS = (
					"$(inherited)",
					"@executable_path/Frameworks",
				);
				MARKETING_VERSION = 1.0;
				PRODUCT_BUNDLE_IDENTIFIER = org.cooperstandard.TopSpeed2;
				PRODUCT_NAME = "$(TARGET_NAME)";
				SWIFT_EMIT_LOC_STRINGS = YES;
				SWIFT_VERSION = 5.0;
				TARGETED_DEVICE_FAMILY = "1,2";
			};
			name = Debug;
		};
		B875F6B12820B06B000D663E /* Release */ = {
			isa = XCBuildConfiguration;
			buildSettings = {
				ASSETCATALOG_COMPILER_APPICON_NAME = AppIcon;
				ASSETCATALOG_COMPILER_GLOBAL_ACCENT_COLOR_NAME = AccentColor;
				CODE_SIGN_STYLE = Automatic;
				CURRENT_PROJECT_VERSION = 1;
				DEVELOPMENT_ASSET_PATHS = "\"TopSpeed/Preview Content\"";
				DEVELOPMENT_TEAM = C6HT22T4A4;
				ENABLE_PREVIEWS = YES;
				GENERATE_INFOPLIST_FILE = YES;
				INFOPLIST_FILE = TopSpeed/Info.plist;
				INFOPLIST_KEY_CFBundleDisplayName = "Top Speed";
				INFOPLIST_KEY_UIApplicationSupportsIndirectInputEvents = YES;
				INFOPLIST_KEY_UILaunchScreen_Generation = YES;
				INFOPLIST_KEY_UISupportedInterfaceOrientations = "UIInterfaceOrientationPortrait UIInterfaceOrientationPortraitUpsideDown";
				INFOPLIST_KEY_UISupportedInterfaceOrientations_iPad = "UIInterfaceOrientationPortrait UIInterfaceOrientationPortraitUpsideDown UIInterfaceOrientationLandscapeLeft UIInterfaceOrientationLandscapeRight";
				INFOPLIST_KEY_UISupportedInterfaceOrientations_iPhone = "UIInterfaceOrientationPortrait UIInterfaceOrientationLandscapeLeft UIInterfaceOrientationLandscapeRight";
				LD_RUNPATH_SEARCH_PATHS = (
					"$(inherited)",
					"@executable_path/Frameworks",
				);
				MARKETING_VERSION = 1.0;
				PRODUCT_BUNDLE_IDENTIFIER = org.cooperstandard.TopSpeed2;
				PRODUCT_NAME = "$(TARGET_NAME)";
				SWIFT_EMIT_LOC_STRINGS = YES;
				SWIFT_VERSION = 5.0;
				TARGETED_DEVICE_FAMILY = "1,2";
			};
			name = Release;
		};
/* End XCBuildConfiguration section */

/* Begin XCConfigurationList section */
		B875F69C2820B063000D663E /* Build configuration list for PBXProject "TopSpeed" */ = {
			isa = XCConfigurationList;
			buildConfigurations = (
				B875F6AD2820B06B000D663E /* Debug */,
				B875F6AE2820B06B000D663E /* Release */,
			);
			defaultConfigurationIsVisible = 0;
			defaultConfigurationName = Release;
		};
		B875F6AF2820B06B000D663E /* Build configuration list for PBXNativeTarget "TopSpeed" */ = {
			isa = XCConfigurationList;
			buildConfigurations = (
				B875F6B02820B06B000D663E /* Debug */,
				B875F6B12820B06B000D663E /* Release */,
			);
			defaultConfigurationIsVisible = 0;
			defaultConfigurationName = Release;
		};
/* End XCConfigurationList section */
	};
	rootObject = B875F6992820B063000D663E /* Project object */;
}
